// !$*UTF8*$!
{
	archiveVersion = 1;
	classes = {
	};
	objectVersion = 56;
	objects = {

/* Begin PBXBuildFile section */
		6C8BAE042943623300215ABE /* Project16_HotProspectsApp.swift in Sources */ = {isa = PBXBuildFile; fileRef = 6C8BAE032943623300215ABE /* Project16_HotProspectsApp.swift */; };
		6C8BAE062943623300215ABE /* ContentView.swift in Sources */ = {isa = PBXBuildFile; fileRef = 6C8BAE052943623300215ABE /* ContentView.swift */; };
		6C8BAE082943623600215ABE /* Assets.xcassets in Resources */ = {isa = PBXBuildFile; fileRef = 6C8BAE072943623600215ABE /* Assets.xcassets */; };
		6C8BAE0B2943623600215ABE /* Preview Assets.xcassets in Resources */ = {isa = PBXBuildFile; fileRef = 6C8BAE0A2943623600215ABE /* Preview Assets.xcassets */; };
		6C8BAE152947160F00215ABE /* ProspectsView.swift in Sources */ = {isa = PBXBuildFile; fileRef = 6C8BAE142947160F00215ABE /* ProspectsView.swift */; };
		6C8BAE172947161B00215ABE /* MeView.swift in Sources */ = {isa = PBXBuildFile; fileRef = 6C8BAE162947161B00215ABE /* MeView.swift */; };
		6C8BAE192947225C00215ABE /* Prospect.swift in Sources */ = {isa = PBXBuildFile; fileRef = 6C8BAE182947225C00215ABE /* Prospect.swift */; };
		6C8BAE1C29472A8500215ABE /* CodeScanner in Frameworks */ = {isa = PBXBuildFile; productRef = 6C8BAE1B29472A8500215ABE /* CodeScanner */; };
		6C8BAE1E29474DF700215ABE /* ImageSaver.swift in Sources */ = {isa = PBXBuildFile; fileRef = 6C8BAE1D29474DF700215ABE /* ImageSaver.swift */; };
/* End PBXBuildFile section */

/* Begin PBXFileReference section */
		6C8BAE002943623300215ABE /* Project16-HotProspects.app */ = {isa = PBXFileReference; explicitFileType = wrapper.application; includeInIndex = 0; path = "Project16-HotProspects.app"; sourceTree = BUILT_PRODUCTS_DIR; };
		6C8BAE032943623300215ABE /* Project16_HotProspectsApp.swift */ = {isa = PBXFileReference; lastKnownFileType = sourcecode.swift; path = Project16_HotProspectsApp.swift; sourceTree = "<group>"; };
		6C8BAE052943623300215ABE /* ContentView.swift */ = {isa = PBXFileReference; lastKnownFileType = sourcecode.swift; path = ContentView.swift; sourceTree = "<group>"; };
		6C8BAE072943623600215ABE /* Assets.xcassets */ = {isa = PBXFileReference; lastKnownFileType = folder.assetcatalog; path = Assets.xcassets; sourceTree = "<group>"; };
		6C8BAE0A2943623600215ABE /* Preview Assets.xcassets */ = {isa = PBXFileReference; lastKnownFileType = folder.assetcatalog; path = "Preview Assets.xcassets"; sourceTree = "<group>"; };
		6C8BAE142947160F00215ABE /* ProspectsView.swift */ = {isa = PBXFileReference; lastKnownFileType = sourcecode.swift; path = ProspectsView.swift; sourceTree = "<group>"; };
		6C8BAE162947161B00215ABE /* MeView.swift */ = {isa = PBXFileReference; lastKnownFileType = sourcecode.swift; path = MeView.swift; sourceTree = "<group>"; };
		6C8BAE182947225C00215ABE /* Prospect.swift */ = {isa = PBXFileReference; lastKnownFileType = sourcecode.swift; path = Prospect.swift; sourceTree = "<group>"; };
		6C8BAE1D29474DF700215ABE /* ImageSaver.swift */ = {isa = PBXFileReference; fileEncoding = 4; lastKnownFileType = sourcecode.swift; name = ImageSaver.swift; path = "../../Project13 - Instafilter/Project13-Instafilter/ImageSaver.swift"; sourceTree = "<group>"; };
/* End PBXFileReference section */

/* Begin PBXFrameworksBuildPhase section */
		6C8BADFD2943623300215ABE /* Frameworks */ = {
			isa = PBXFrameworksBuildPhase;
			buildActionMask = 2147483647;
			files = (
				6C8BAE1C29472A8500215ABE /* CodeScanner in Frameworks */,
			);
			runOnlyForDeploymentPostprocessing = 0;
		};
/* End PBXFrameworksBuildPhase section */

/* Begin PBXGroup section */
		6C8BADF72943623300215ABE = {
			isa = PBXGroup;
			children = (
				6C8BAE022943623300215ABE /* Project16-HotProspects */,
				6C8BAE012943623300215ABE /* Products */,
			);
			sourceTree = "<group>";
		};
		6C8BAE012943623300215ABE /* Products */ = {
			isa = PBXGroup;
			children = (
				6C8BAE002943623300215ABE /* Project16-HotProspects.app */,
			);
			name = Products;
			sourceTree = "<group>";
		};
		6C8BAE022943623300215ABE /* Project16-HotProspects */ = {
			isa = PBXGroup;
			children = (
				6C8BAE032943623300215ABE /* Project16_HotProspectsApp.swift */,
				6C8BAE1D29474DF700215ABE /* ImageSaver.swift */,
				6C8BAE182947225C00215ABE /* Prospect.swift */,
				6C8BAE052943623300215ABE /* ContentView.swift */,
				6C8BAE142947160F00215ABE /* ProspectsView.swift */,
				6C8BAE162947161B00215ABE /* MeView.swift */,
				6C8BAE072943623600215ABE /* Assets.xcassets */,
				6C8BAE092943623600215ABE /* Preview Content */,
			);
			path = "Project16-HotProspects";
			sourceTree = "<group>";
		};
		6C8BAE092943623600215ABE /* Preview Content */ = {
			isa = PBXGroup;
			children = (
				6C8BAE0A2943623600215ABE /* Preview Assets.xcassets */,
			);
			path = "Preview Content";
			sourceTree = "<group>";
		};
/* End PBXGroup section */

/* Begin PBXNativeTarget section */
		6C8BADFF2943623300215ABE /* Project16-HotProspects */ = {
			isa = PBXNativeTarget;
			buildConfigurationList = 6C8BAE0E2943623600215ABE /* Build configuration list for PBXNativeTarget "Project16-HotProspects" */;
			buildPhases = (
				6C8BADFC2943623300215ABE /* Sources */,
				6C8BADFD2943623300215ABE /* Frameworks */,
				6C8BADFE2943623300215ABE /* Resources */,
			);
			buildRules = (
			);
			dependencies = (
			);
			name = "Project16-HotProspects";
			packageProductDependencies = (
				6C8BAE1B29472A8500215ABE /* CodeScanner */,
			);
			productName = "Project16-HotProspects";
			productReference = 6C8BAE002943623300215ABE /* Project16-HotProspects.app */;
			productType = "com.apple.product-type.application";
		};
/* End PBXNativeTarget section */

/* Begin PBXProject section */
		6C8BADF82943623300215ABE /* Project object */ = {
			isa = PBXProject;
			attributes = {
				BuildIndependentTargetsInParallel = 1;
				LastSwiftUpdateCheck = 1410;
				LastUpgradeCheck = 1410;
				TargetAttributes = {
					6C8BADFF2943623300215ABE = {
						CreatedOnToolsVersion = 14.1;
					};
				};
			};
			buildConfigurationList = 6C8BADFB2943623300215ABE /* Build configuration list for PBXProject "Project16-HotProspects" */;
			compatibilityVersion = "Xcode 14.0";
			developmentRegion = en;
			hasScannedForEncodings = 0;
			knownRegions = (
				en,
				Base,
			);
			mainGroup = 6C8BADF72943623300215ABE;
			packageReferences = (
				6C8BAE1A29472A8500215ABE /* XCRemoteSwiftPackageReference "CodeScanner" */,
			);
			productRefGroup = 6C8BAE012943623300215ABE /* Products */;
			projectDirPath = "";
			projectRoot = "";
			targets = (
				6C8BADFF2943623300215ABE /* Project16-HotProspects */,
			);
		};
/* End PBXProject section */

/* Begin PBXResourcesBuildPhase section */
		6C8BADFE2943623300215ABE /* Resources */ = {
			isa = PBXResourcesBuildPhase;
			buildActionMask = 2147483647;
			files = (
				6C8BAE0B2943623600215ABE /* Preview Assets.xcassets in Resources */,
				6C8BAE082943623600215ABE /* Assets.xcassets in Resources */,
			);
			runOnlyForDeploymentPostprocessing = 0;
		};
/* End PBXResourcesBuildPhase section */

/* Begin PBXSourcesBuildPhase section */
		6C8BADFC2943623300215ABE /* Sources */ = {
			isa = PBXSourcesBuildPhase;
			buildActionMask = 2147483647;
			files = (
				6C8BAE172947161B00215ABE /* MeView.swift in Sources */,
				6C8BAE1E29474DF700215ABE /* ImageSaver.swift in Sources */,
				6C8BAE192947225C00215ABE /* Prospect.swift in Sources */,
				6C8BAE152947160F00215ABE /* ProspectsView.swift in Sources */,
				6C8BAE062943623300215ABE /* ContentView.swift in Sources */,
				6C8BAE042943623300215ABE /* Project16_HotProspectsApp.swift in Sources */,
			);
			runOnlyForDeploymentPostprocessing = 0;
		};
/* End PBXSourcesBuildPhase section */

/* Begin XCBuildConfiguration section */
		6C8BAE0C2943623600215ABE /* Debug */ = {
			isa = XCBuildConfiguration;
			buildSettings = {
				ALWAYS_SEARCH_USER_PATHS = NO;
				CLANG_ANALYZER_NONNULL = YES;
				CLANG_ANALYZER_NUMBER_OBJECT_CONVERSION = YES_AGGRESSIVE;
				CLANG_CXX_LANGUAGE_STANDARD = "gnu++20";
				CLANG_ENABLE_MODULES = YES;
				CLANG_ENABLE_OBJC_ARC = YES;
				CLANG_ENABLE_OBJC_WEAK = YES;
				CLANG_WARN_BLOCK_CAPTURE_AUTORELEASING = YES;
				CLANG_WARN_BOOL_CONVERSION = YES;
				CLANG_WARN_COMMA = YES;
				CLANG_WARN_CONSTANT_CONVERSION = YES;
				CLANG_WARN_DEPRECATED_OBJC_IMPLEMENTATIONS = YES;
				CLANG_WARN_DIRECT_OBJC_ISA_USAGE = YES_ERROR;
				CLANG_WARN_DOCUMENTATION_COMMENTS = YES;
				CLANG_WARN_EMPTY_BODY = YES;
				CLANG_WARN_ENUM_CONVERSION = YES;
				CLANG_WARN_INFINITE_RECURSION = YES;
				CLANG_WARN_INT_CONVERSION = YES;
				CLANG_WARN_NON_LITERAL_NULL_CONVERSION = YES;
				CLANG_WARN_OBJC_IMPLICIT_RETAIN_SELF = YES;
				CLANG_WARN_OBJC_LITERAL_CONVERSION = YES;
				CLANG_WARN_OBJC_ROOT_CLASS = YES_ERROR;
				CLANG_WARN_QUOTED_INCLUDE_IN_FRAMEWORK_HEADER = YES;
				CLANG_WARN_RANGE_LOOP_ANALYSIS = YES;
				CLANG_WARN_STRICT_PROTOTYPES = YES;
				CLANG_WARN_SUSPICIOUS_MOVE = YES;
				CLANG_WARN_UNGUARDED_AVAILABILITY = YES_AGGRESSIVE;
				CLANG_WARN_UNREACHABLE_CODE = YES;
				CLANG_WARN__DUPLICATE_METHOD_MATCH = YES;
				COPY_PHASE_STRIP = NO;
				DEBUG_INFORMATION_FORMAT = dwarf;
				ENABLE_STRICT_OBJC_MSGSEND = YES;
				ENABLE_TESTABILITY = YES;
				GCC_C_LANGUAGE_STANDARD = gnu11;
				GCC_DYNAMIC_NO_PIC = NO;
				GCC_NO_COMMON_BLOCKS = YES;
				GCC_OPTIMIZATION_LEVEL = 0;
				GCC_PREPROCESSOR_DEFINITIONS = (
					"DEBUG=1",
					"$(inherited)",
				);
				GCC_WARN_64_TO_32_BIT_CONVERSION = YES;
				GCC_WARN_ABOUT_RETURN_TYPE = YES_ERROR;
				GCC_WARN_UNDECLARED_SELECTOR = YES;
				GCC_WARN_UNINITIALIZED_AUTOS = YES_AGGRESSIVE;
				GCC_WARN_UNUSED_FUNCTION = YES;
				GCC_WARN_UNUSED_VARIABLE = YES;
				IPHONEOS_DEPLOYMENT_TARGET = 16.1;
				MTL_ENABLE_DEBUG_INFO = INCLUDE_SOURCE;
				MTL_FAST_MATH = YES;
				ONLY_ACTIVE_ARCH = YES;
				SDKROOT = iphoneos;
				SWIFT_ACTIVE_COMPILATION_CONDITIONS = DEBUG;
				SWIFT_OPTIMIZATION_LEVEL = "-Onone";
			};
			name = Debug;
		};
		6C8BAE0D2943623600215ABE /* Release */ = {
			isa = XCBuildConfiguration;
			buildSettings = {
				ALWAYS_SEARCH_USER_PATHS = NO;
				CLANG_ANALYZER_NONNULL = YES;
				CLANG_ANALYZER_NUMBER_OBJECT_CONVERSION = YES_AGGRESSIVE;
				CLANG_CXX_LANGUAGE_STANDARD = "gnu++20";
				CLANG_ENABLE_MODULES = YES;
				CLANG_ENABLE_OBJC_ARC = YES;
				CLANG_ENABLE_OBJC_WEAK = YES;
				CLANG_WARN_BLOCK_CAPTURE_AUTORELEASING = YES;
				CLANG_WARN_BOOL_CONVERSION = YES;
				CLANG_WARN_COMMA = YES;
				CLANG_WARN_CONSTANT_CONVERSION = YES;
				CLANG_WARN_DEPRECATED_OBJC_IMPLEMENTATIONS = YES;
				CLANG_WARN_DIRECT_OBJC_ISA_USAGE = YES_ERROR;
				CLANG_WARN_DOCUMENTATION_COMMENTS = YES;
				CLANG_WARN_EMPTY_BODY = YES;
				CLANG_WARN_ENUM_CONVERSION = YES;
				CLANG_WARN_INFINITE_RECURSION = YES;
				CLANG_WARN_INT_CONVERSION = YES;
				CLANG_WARN_NON_LITERAL_NULL_CONVERSION = YES;
				CLANG_WARN_OBJC_IMPLICIT_RETAIN_SELF = YES;
				CLANG_WARN_OBJC_LITERAL_CONVERSION = YES;
				CLANG_WARN_OBJC_ROOT_CLASS = YES_ERROR;
				CLANG_WARN_QUOTED_INCLUDE_IN_FRAMEWORK_HEADER = YES;
				CLANG_WARN_RANGE_LOOP_ANALYSIS = YES;
				CLANG_WARN_STRICT_PROTOTYPES = YES;
				CLANG_WARN_SUSPICIOUS_MOVE = YES;
				CLANG_WARN_UNGUARDED_AVAILABILITY = YES_AGGRESSIVE;
				CLANG_WARN_UNREACHABLE_CODE = YES;
				CLANG_WARN__DUPLICATE_METHOD_MATCH = YES;
				COPY_PHASE_STRIP = NO;
				DEBUG_INFORMATION_FORMAT = "dwarf-with-dsym";
				ENABLE_NS_ASSERTIONS = NO;
				ENABLE_STRICT_OBJC_MSGSEND = YES;
				GCC_C_LANGUAGE_STANDARD = gnu11;
				GCC_NO_COMMON_BLOCKS = YES;
				GCC_WARN_64_TO_32_BIT_CONVERSION = YES;
				GCC_WARN_ABOUT_RETURN_TYPE = YES_ERROR;
				GCC_WARN_UNDECLARED_SELECTOR = YES;
				GCC_WARN_UNINITIALIZED_AUTOS = YES_AGGRESSIVE;
				GCC_WARN_UNUSED_FUNCTION = YES;
				GCC_WARN_UNUSED_VARIABLE = YES;
				IPHONEOS_DEPLOYMENT_TARGET = 16.1;
				MTL_ENABLE_DEBUG_INFO = NO;
				MTL_FAST_MATH = YES;
				SDKROOT = iphoneos;
				SWIFT_COMPILATION_MODE = wholemodule;
				SWIFT_OPTIMIZATION_LEVEL = "-O";
				VALIDATE_PRODUCT = YES;
			};
			name = Release;
		};
		6C8BAE0F2943623600215ABE /* Debug */ = {
			isa = XCBuildConfiguration;
			buildSettings = {
				ASSETCATALOG_COMPILER_APPICON_NAME = AppIcon;
				ASSETCATALOG_COMPILER_GLOBAL_ACCENT_COLOR_NAME = AccentColor;
				CODE_SIGN_STYLE = Automatic;
				CURRENT_PROJECT_VERSION = 1;
				DEVELOPMENT_ASSET_PATHS = "\"Project16-HotProspects/Preview Content\"";
				DEVELOPMENT_TEAM = SH7598WJ8A;
				ENABLE_PREVIEWS = YES;
				GENERATE_INFOPLIST_FILE = YES;
				INFOPLIST_KEY_NSCameraUsageDescription = "We need to scan QR codes.";
				INFOPLIST_KEY_NSPhotoLibraryAddUsageDescription = "We want to save your QR code.";
				INFOPLIST_KEY_UIApplicationSceneManifest_Generation = YES;
				INFOPLIST_KEY_UIApplicationSupportsIndirectInputEvents = YES;
				INFOPLIST_KEY_UILaunchScreen_Generation = YES;
				INFOPLIST_KEY_UISupportedInterfaceOrientations_iPad = "UIInterfaceOrientationPortrait UIInterfaceOrientationPortraitUpsideDown UIInterfaceOrientationLandscapeLeft UIInterfaceOrientationLandscapeRight";
				INFOPLIST_KEY_UISupportedInterfaceOrientations_iPhone = "UIInterfaceOrientationPortrait UIInterfaceOrientationLandscapeLeft UIInterfaceOrientationLandscapeRight";
				LD_RUNPATH_SEARCH_PATHS = (
					"$(inherited)",
					"@executable_path/Frameworks",
				);
				MARKETING_VERSION = 1.0;
				PRODUCT_BUNDLE_IDENTIFIER = "com.bobbert.Project16-HotProspects";
				PRODUCT_NAME = "$(TARGET_NAME)";
				SWIFT_EMIT_LOC_STRINGS = YES;
				SWIFT_VERSION = 5.0;
				TARGETED_DEVICE_FAMILY = "1,2";
			};
			name = Debug;
		};
		6C8BAE102943623600215ABE /* Release */ = {
			isa = XCBuildConfiguration;
			buildSettings = {
				ASSETCATALOG_COMPILER_APPICON_NAME = AppIcon;
				ASSETCATALOG_COMPILER_GLOBAL_ACCENT_COLOR_NAME = AccentColor;
				CODE_SIGN_STYLE = Automatic;
				CURRENT_PROJECT_VERSION = 1;
				DEVELOPMENT_ASSET_PATHS = "\"Project16-HotProspects/Preview Content\"";
				DEVELOPMENT_TEAM = SH7598WJ8A;
				ENABLE_PREVIEWS = YES;
				GENERATE_INFOPLIST_FILE = YES;
				INFOPLIST_KEY_NSCameraUsageDescription = "We need to scan QR codes.";
				INFOPLIST_KEY_NSPhotoLibraryAddUsageDescription = "We want to save your QR code.";
				INFOPLIST_KEY_UIApplicationSceneManifest_Generation = YES;
				INFOPLIST_KEY_UIApplicationSupportsIndirectInputEvents = YES;
				INFOPLIST_KEY_UILaunchScreen_Generation = YES;
				INFOPLIST_KEY_UISupportedInterfaceOrientations_iPad = "UIInterfaceOrientationPortrait UIInterfaceOrientationPortraitUpsideDown UIInterfaceOrientationLandscapeLeft UIInterfaceOrientationLandscapeRight";
				INFOPLIST_KEY_UISupportedInterfaceOrientations_iPhone = "UIInterfaceOrientationPortrait UIInterfaceOrientationLandscapeLeft UIInterfaceOrientationLandscapeRight";
				LD_RUNPATH_SEARCH_PATHS = (
					"$(inherited)",
					"@executable_path/Frameworks",
				);
				MARKETING_VERSION = 1.0;
				PRODUCT_BUNDLE_IDENTIFIER = "com.bobbert.Project16-HotProspects";
				PRODUCT_NAME = "$(TARGET_NAME)";
				SWIFT_EMIT_LOC_STRINGS = YES;
				SWIFT_VERSION = 5.0;
				TARGETED_DEVICE_FAMILY = "1,2";
			};
			name = Release;
		};
/* End XCBuildConfiguration section */

/* Begin XCConfigurationList section */
		6C8BADFB2943623300215ABE /* Build configuration list for PBXProject "Project16-HotProspects" */ = {
			isa = XCConfigurationList;
			buildConfigurations = (
				6C8BAE0C2943623600215ABE /* Debug */,
				6C8BAE0D2943623600215ABE /* Release */,
			);
			defaultConfigurationIsVisible = 0;
			defaultConfigurationName = Release;
		};
		6C8BAE0E2943623600215ABE /* Build configuration list for PBXNativeTarget "Project16-HotProspects" */ = {
			isa = XCConfigurationList;
			buildConfigurations = (
				6C8BAE0F2943623600215ABE /* Debug */,
				6C8BAE102943623600215ABE /* Release */,
			);
			defaultConfigurationIsVisible = 0;
			defaultConfigurationName = Release;
		};
/* End XCConfigurationList section */

/* Begin XCRemoteSwiftPackageReference section */
		6C8BAE1A29472A8500215ABE /* XCRemoteSwiftPackageReference "CodeScanner" */ = {
			isa = XCRemoteSwiftPackageReference;
			repositoryURL = "https://github.com/twostraws/CodeScanner";
			requirement = {
				kind = upToNextMajorVersion;
				minimumVersion = 2.0.0;
			};
		};
/* End XCRemoteSwiftPackageReference section */

/* Begin XCSwiftPackageProductDependency section */
		6C8BAE1B29472A8500215ABE /* CodeScanner */ = {
			isa = XCSwiftPackageProductDependency;
			package = 6C8BAE1A29472A8500215ABE /* XCRemoteSwiftPackageReference "CodeScanner" */;
			productName = CodeScanner;
		};
/* End XCSwiftPackageProductDependency section */
	};
	rootObject = 6C8BADF82943623300215ABE /* Project object */;
}
