// !$*UTF8*$!
{
	archiveVersion = 1;
	classes = {
	};
	objectVersion = 56;
	objects = {

/* Begin PBXBuildFile section */
		6C068BB32936015500A53060 /* AddBookView.swift in Sources */ = {isa = PBXBuildFile; fileRef = 6C068BB22936015500A53060 /* AddBookView.swift */; };
		6C068BB5293606CB00A53060 /* RatingView.swift in Sources */ = {isa = PBXBuildFile; fileRef = 6C068BB4293606CB00A53060 /* RatingView.swift */; };
		6C068BB729360AB800A53060 /* EmojiRatingView.swift in Sources */ = {isa = PBXBuildFile; fileRef = 6C068BB629360AB800A53060 /* EmojiRatingView.swift */; };
		6C068BB9293626CA00A53060 /* DetailView.swift in Sources */ = {isa = PBXBuildFile; fileRef = 6C068BB8293626CA00A53060 /* DetailView.swift */; };
		6C281BED2935E6F300FAF5C1 /* Project11_BookwormApp.swift in Sources */ = {isa = PBXBuildFile; fileRef = 6C281BEC2935E6F300FAF5C1 /* Project11_BookwormApp.swift */; };
		6C281BEF2935E6F300FAF5C1 /* ContentView.swift in Sources */ = {isa = PBXBuildFile; fileRef = 6C281BEE2935E6F300FAF5C1 /* ContentView.swift */; };
		6C281BF12935E6F800FAF5C1 /* Assets.xcassets in Resources */ = {isa = PBXBuildFile; fileRef = 6C281BF02935E6F800FAF5C1 /* Assets.xcassets */; };
		6C281BF42935E6F800FAF5C1 /* Preview Assets.xcassets in Resources */ = {isa = PBXBuildFile; fileRef = 6C281BF32935E6F800FAF5C1 /* Preview Assets.xcassets */; };
		6C281BFC2935F1AA00FAF5C1 /* Bookworm.xcdatamodeld in Sources */ = {isa = PBXBuildFile; fileRef = 6C281BFA2935F1AA00FAF5C1 /* Bookworm.xcdatamodeld */; };
		6C281BFE2935F1F800FAF5C1 /* DataController.swift in Sources */ = {isa = PBXBuildFile; fileRef = 6C281BFD2935F1F800FAF5C1 /* DataController.swift */; };
/* End PBXBuildFile section */

/* Begin PBXFileReference section */
		6C068BB22936015500A53060 /* AddBookView.swift */ = {isa = PBXFileReference; lastKnownFileType = sourcecode.swift; path = AddBookView.swift; sourceTree = "<group>"; };
		6C068BB4293606CB00A53060 /* RatingView.swift */ = {isa = PBXFileReference; lastKnownFileType = sourcecode.swift; path = RatingView.swift; sourceTree = "<group>"; };
		6C068BB629360AB800A53060 /* EmojiRatingView.swift */ = {isa = PBXFileReference; lastKnownFileType = sourcecode.swift; path = EmojiRatingView.swift; sourceTree = "<group>"; };
		6C068BB8293626CA00A53060 /* DetailView.swift */ = {isa = PBXFileReference; lastKnownFileType = sourcecode.swift; path = DetailView.swift; sourceTree = "<group>"; };
		6C281BE92935E6F300FAF5C1 /* Project11-Bookworm.app */ = {isa = PBXFileReference; explicitFileType = wrapper.application; includeInIndex = 0; path = "Project11-Bookworm.app"; sourceTree = BUILT_PRODUCTS_DIR; };
		6C281BEC2935E6F300FAF5C1 /* Project11_BookwormApp.swift */ = {isa = PBXFileReference; lastKnownFileType = sourcecode.swift; path = Project11_BookwormApp.swift; sourceTree = "<group>"; };
		6C281BEE2935E6F300FAF5C1 /* ContentView.swift */ = {isa = PBXFileReference; lastKnownFileType = sourcecode.swift; path = ContentView.swift; sourceTree = "<group>"; };
		6C281BF02935E6F800FAF5C1 /* Assets.xcassets */ = {isa = PBXFileReference; lastKnownFileType = folder.assetcatalog; path = Assets.xcassets; sourceTree = "<group>"; };
		6C281BF32935E6F800FAF5C1 /* Preview Assets.xcassets */ = {isa = PBXFileReference; lastKnownFileType = folder.assetcatalog; path = "Preview Assets.xcassets"; sourceTree = "<group>"; };
		6C281BFB2935F1AA00FAF5C1 /* Bookworm.xcdatamodel */ = {isa = PBXFileReference; lastKnownFileType = wrapper.xcdatamodel; path = Bookworm.xcdatamodel; sourceTree = "<group>"; };
		6C281BFD2935F1F800FAF5C1 /* DataController.swift */ = {isa = PBXFileReference; lastKnownFileType = sourcecode.swift; path = DataController.swift; sourceTree = "<group>"; };
/* End PBXFileReference section */

/* Begin PBXFrameworksBuildPhase section */
		6C281BE62935E6F300FAF5C1 /* Frameworks */ = {
			isa = PBXFrameworksBuildPhase;
			buildActionMask = 2147483647;
			files = (
			);
			runOnlyForDeploymentPostprocessing = 0;
		};
/* End PBXFrameworksBuildPhase section */

/* Begin PBXGroup section */
		6C281BE02935E6F300FAF5C1 = {
			isa = PBXGroup;
			children = (
				6C281BEB2935E6F300FAF5C1 /* Project11-Bookworm */,
				6C281BEA2935E6F300FAF5C1 /* Products */,
			);
			sourceTree = "<group>";
		};
		6C281BEA2935E6F300FAF5C1 /* Products */ = {
			isa = PBXGroup;
			children = (
				6C281BE92935E6F300FAF5C1 /* Project11-Bookworm.app */,
			);
			name = Products;
			sourceTree = "<group>";
		};
		6C281BEB2935E6F300FAF5C1 /* Project11-Bookworm */ = {
			isa = PBXGroup;
			children = (
				6C281BEC2935E6F300FAF5C1 /* Project11_BookwormApp.swift */,
				6C281BEE2935E6F300FAF5C1 /* ContentView.swift */,
				6C068BB8293626CA00A53060 /* DetailView.swift */,
				6C068BB22936015500A53060 /* AddBookView.swift */,
				6C068BB629360AB800A53060 /* EmojiRatingView.swift */,
				6C068BB4293606CB00A53060 /* RatingView.swift */,
				6C281BFD2935F1F800FAF5C1 /* DataController.swift */,
				6C281BF02935E6F800FAF5C1 /* Assets.xcassets */,
				6C281BFA2935F1AA00FAF5C1 /* Bookworm.xcdatamodeld */,
				6C281BF22935E6F800FAF5C1 /* Preview Content */,
			);
			path = "Project11-Bookworm";
			sourceTree = "<group>";
		};
		6C281BF22935E6F800FAF5C1 /* Preview Content */ = {
			isa = PBXGroup;
			children = (
				6C281BF32935E6F800FAF5C1 /* Preview Assets.xcassets */,
			);
			path = "Preview Content";
			sourceTree = "<group>";
		};
/* End PBXGroup section */

/* Begin PBXNativeTarget section */
		6C281BE82935E6F300FAF5C1 /* Project11-Bookworm */ = {
			isa = PBXNativeTarget;
			buildConfigurationList = 6C281BF72935E6F800FAF5C1 /* Build configuration list for PBXNativeTarget "Project11-Bookworm" */;
			buildPhases = (
				6C281BE52935E6F300FAF5C1 /* Sources */,
				6C281BE62935E6F300FAF5C1 /* Frameworks */,
				6C281BE72935E6F300FAF5C1 /* Resources */,
			);
			buildRules = (
			);
			dependencies = (
			);
			name = "Project11-Bookworm";
			productName = "Project11-Bookworm";
			productReference = 6C281BE92935E6F300FAF5C1 /* Project11-Bookworm.app */;
			productType = "com.apple.product-type.application";
		};
/* End PBXNativeTarget section */

/* Begin PBXProject section */
		6C281BE12935E6F300FAF5C1 /* Project object */ = {
			isa = PBXProject;
			attributes = {
				BuildIndependentTargetsInParallel = 1;
				LastSwiftUpdateCheck = 1410;
				LastUpgradeCheck = 1410;
				TargetAttributes = {
					6C281BE82935E6F300FAF5C1 = {
						CreatedOnToolsVersion = 14.1;
					};
				};
			};
			buildConfigurationList = 6C281BE42935E6F300FAF5C1 /* Build configuration list for PBXProject "Project11-Bookworm" */;
			compatibilityVersion = "Xcode 14.0";
			developmentRegion = en;
			hasScannedForEncodings = 0;
			knownRegions = (
				en,
				Base,
			);
			mainGroup = 6C281BE02935E6F300FAF5C1;
			productRefGroup = 6C281BEA2935E6F300FAF5C1 /* Products */;
			projectDirPath = "";
			projectRoot = "";
			targets = (
				6C281BE82935E6F300FAF5C1 /* Project11-Bookworm */,
			);
		};
/* End PBXProject section */

/* Begin PBXResourcesBuildPhase section */
		6C281BE72935E6F300FAF5C1 /* Resources */ = {
			isa = PBXResourcesBuildPhase;
			buildActionMask = 2147483647;
			files = (
				6C281BF42935E6F800FAF5C1 /* Preview Assets.xcassets in Resources */,
				6C281BF12935E6F800FAF5C1 /* Assets.xcassets in Resources */,
			);
			runOnlyForDeploymentPostprocessing = 0;
		};
/* End PBXResourcesBuildPhase section */

/* Begin PBXSourcesBuildPhase section */
		6C281BE52935E6F300FAF5C1 /* Sources */ = {
			isa = PBXSourcesBuildPhase;
			buildActionMask = 2147483647;
			files = (
				6C281BEF2935E6F300FAF5C1 /* ContentView.swift in Sources */,
				6C068BB9293626CA00A53060 /* DetailView.swift in Sources */,
				6C281BFE2935F1F800FAF5C1 /* DataController.swift in Sources */,
				6C068BB729360AB800A53060 /* EmojiRatingView.swift in Sources */,
				6C281BFC2935F1AA00FAF5C1 /* Bookworm.xcdatamodeld in Sources */,
				6C068BB5293606CB00A53060 /* RatingView.swift in Sources */,
				6C281BED2935E6F300FAF5C1 /* Project11_BookwormApp.swift in Sources */,
				6C068BB32936015500A53060 /* AddBookView.swift in Sources */,
			);
			runOnlyForDeploymentPostprocessing = 0;
		};
/* End PBXSourcesBuildPhase section */

/* Begin XCBuildConfiguration section */
		6C281BF52935E6F800FAF5C1 /* Debug */ = {
			isa = XCBuildConfiguration;
			buildSettings = {
				ALWAYS_SEARCH_USER_PATHS = NO;
				CLANG_ANALYZER_NONNULL = YES;
				CLANG_ANALYZER_NUMBER_OBJECT_CONVERSION = YES_AGGRESSIVE;
				CLANG_CXX_LANGUAGE_STANDARD = "gnu++20";
				CLANG_ENABLE_MODULES = YES;
				CLANG_ENABLE_OBJC_ARC = YES;
				CLANG_ENABLE_OBJC_WEAK = YES;
				CLANG_WARN_BLOCK_CAPTURE_AUTORELEASING = YES;
				CLANG_WARN_BOOL_CONVERSION = YES;
				CLANG_WARN_COMMA = YES;
				CLANG_WARN_CONSTANT_CONVERSION = YES;
				CLANG_WARN_DEPRECATED_OBJC_IMPLEMENTATIONS = YES;
				CLANG_WARN_DIRECT_OBJC_ISA_USAGE = YES_ERROR;
				CLANG_WARN_DOCUMENTATION_COMMENTS = YES;
				CLANG_WARN_EMPTY_BODY = YES;
				CLANG_WARN_ENUM_CONVERSION = YES;
				CLANG_WARN_INFINITE_RECURSION = YES;
				CLANG_WARN_INT_CONVERSION = YES;
				CLANG_WARN_NON_LITERAL_NULL_CONVERSION = YES;
				CLANG_WARN_OBJC_IMPLICIT_RETAIN_SELF = YES;
				CLANG_WARN_OBJC_LITERAL_CONVERSION = YES;
				CLANG_WARN_OBJC_ROOT_CLASS = YES_ERROR;
				CLANG_WARN_QUOTED_INCLUDE_IN_FRAMEWORK_HEADER = YES;
				CLANG_WARN_RANGE_LOOP_ANALYSIS = YES;
				CLANG_WARN_STRICT_PROTOTYPES = YES;
				CLANG_WARN_SUSPICIOUS_MOVE = YES;
				CLANG_WARN_UNGUARDED_AVAILABILITY = YES_AGGRESSIVE;
				CLANG_WARN_UNREACHABLE_CODE = YES;
				CLANG_WARN__DUPLICATE_METHOD_MATCH = YES;
				COPY_PHASE_STRIP = NO;
				DEBUG_INFORMATION_FORMAT = dwarf;
				ENABLE_STRICT_OBJC_MSGSEND = YES;
				ENABLE_TESTABILITY = YES;
				GCC_C_LANGUAGE_STANDARD = gnu11;
				GCC_DYNAMIC_NO_PIC = NO;
				GCC_NO_COMMON_BLOCKS = YES;
				GCC_OPTIMIZATION_LEVEL = 0;
				GCC_PREPROCESSOR_DEFINITIONS = (
					"DEBUG=1",
					"$(inherited)",
				);
				GCC_WARN_64_TO_32_BIT_CONVERSION = YES;
				GCC_WARN_ABOUT_RETURN_TYPE = YES_ERROR;
				GCC_WARN_UNDECLARED_SELECTOR = YES;
				GCC_WARN_UNINITIALIZED_AUTOS = YES_AGGRESSIVE;
				GCC_WARN_UNUSED_FUNCTION = YES;
				GCC_WARN_UNUSED_VARIABLE = YES;
				IPHONEOS_DEPLOYMENT_TARGET = 16.1;
				MTL_ENABLE_DEBUG_INFO = INCLUDE_SOURCE;
				MTL_FAST_MATH = YES;
				ONLY_ACTIVE_ARCH = YES;
				SDKROOT = iphoneos;
				SWIFT_ACTIVE_COMPILATION_CONDITIONS = DEBUG;
				SWIFT_OPTIMIZATION_LEVEL = "-Onone";
			};
			name = Debug;
		};
		6C281BF62935E6F800FAF5C1 /* Release */ = {
			isa = XCBuildConfiguration;
			buildSettings = {
				ALWAYS_SEARCH_USER_PATHS = NO;
				CLANG_ANALYZER_NONNULL = YES;
				CLANG_ANALYZER_NUMBER_OBJECT_CONVERSION = YES_AGGRESSIVE;
				CLANG_CXX_LANGUAGE_STANDARD = "gnu++20";
				CLANG_ENABLE_MODULES = YES;
				CLANG_ENABLE_OBJC_ARC = YES;
				CLANG_ENABLE_OBJC_WEAK = YES;
				CLANG_WARN_BLOCK_CAPTURE_AUTORELEASING = YES;
				CLANG_WARN_BOOL_CONVERSION = YES;
				CLANG_WARN_COMMA = YES;
				CLANG_WARN_CONSTANT_CONVERSION = YES;
				CLANG_WARN_DEPRECATED_OBJC_IMPLEMENTATIONS = YES;
				CLANG_WARN_DIRECT_OBJC_ISA_USAGE = YES_ERROR;
				CLANG_WARN_DOCUMENTATION_COMMENTS = YES;
				CLANG_WARN_EMPTY_BODY = YES;
				CLANG_WARN_ENUM_CONVERSION = YES;
				CLANG_WARN_INFINITE_RECURSION = YES;
				CLANG_WARN_INT_CONVERSION = YES;
				CLANG_WARN_NON_LITERAL_NULL_CONVERSION = YES;
				CLANG_WARN_OBJC_IMPLICIT_RETAIN_SELF = YES;
				CLANG_WARN_OBJC_LITERAL_CONVERSION = YES;
				CLANG_WARN_OBJC_ROOT_CLASS = YES_ERROR;
				CLANG_WARN_QUOTED_INCLUDE_IN_FRAMEWORK_HEADER = YES;
				CLANG_WARN_RANGE_LOOP_ANALYSIS = YES;
				CLANG_WARN_STRICT_PROTOTYPES = YES;
				CLANG_WARN_SUSPICIOUS_MOVE = YES;
				CLANG_WARN_UNGUARDED_AVAILABILITY = YES_AGGRESSIVE;
				CLANG_WARN_UNREACHABLE_CODE = YES;
				CLANG_WARN__DUPLICATE_METHOD_MATCH = YES;
				COPY_PHASE_STRIP = NO;
				DEBUG_INFORMATION_FORMAT = "dwarf-with-dsym";
				ENABLE_NS_ASSERTIONS = NO;
				ENABLE_STRICT_OBJC_MSGSEND = YES;
				GCC_C_LANGUAGE_STANDARD = gnu11;
				GCC_NO_COMMON_BLOCKS = YES;
				GCC_WARN_64_TO_32_BIT_CONVERSION = YES;
				GCC_WARN_ABOUT_RETURN_TYPE = YES_ERROR;
				GCC_WARN_UNDECLARED_SELECTOR = YES;
				GCC_WARN_UNINITIALIZED_AUTOS = YES_AGGRESSIVE;
				GCC_WARN_UNUSED_FUNCTION = YES;
				GCC_WARN_UNUSED_VARIABLE = YES;
				IPHONEOS_DEPLOYMENT_TARGET = 16.1;
				MTL_ENABLE_DEBUG_INFO = NO;
				MTL_FAST_MATH = YES;
				SDKROOT = iphoneos;
				SWIFT_COMPILATION_MODE = wholemodule;
				SWIFT_OPTIMIZATION_LEVEL = "-O";
				VALIDATE_PRODUCT = YES;
			};
			name = Release;
		};
		6C281BF82935E6F800FAF5C1 /* Debug */ = {
			isa = XCBuildConfiguration;
			buildSettings = {
				ASSETCATALOG_COMPILER_APPICON_NAME = AppIcon;
				ASSETCATALOG_COMPILER_GLOBAL_ACCENT_COLOR_NAME = AccentColor;
				CODE_SIGN_STYLE = Automatic;
				CURRENT_PROJECT_VERSION = 1;
				DEVELOPMENT_ASSET_PATHS = "\"Project11-Bookworm/Preview Content\"";
				DEVELOPMENT_TEAM = SH7598WJ8A;
				ENABLE_PREVIEWS = YES;
				GENERATE_INFOPLIST_FILE = YES;
				INFOPLIST_KEY_UIApplicationSceneManifest_Generation = YES;
				INFOPLIST_KEY_UIApplicationSupportsIndirectInputEvents = YES;
				INFOPLIST_KEY_UILaunchScreen_Generation = YES;
				INFOPLIST_KEY_UISupportedInterfaceOrientations_iPad = "UIInterfaceOrientationPortrait UIInterfaceOrientationPortraitUpsideDown UIInterfaceOrientationLandscapeLeft UIInterfaceOrientationLandscapeRight";
				INFOPLIST_KEY_UISupportedInterfaceOrientations_iPhone = "UIInterfaceOrientationPortrait UIInterfaceOrientationLandscapeLeft UIInterfaceOrientationLandscapeRight";
				LD_RUNPATH_SEARCH_PATHS = (
					"$(inherited)",
					"@executable_path/Frameworks",
				);
				MARKETING_VERSION = 1.0;
				PRODUCT_BUNDLE_IDENTIFIER = "com.bobbert.Project11-Bookworm";
				PRODUCT_NAME = "$(TARGET_NAME)";
				SWIFT_EMIT_LOC_STRINGS = YES;
				SWIFT_VERSION = 5.0;
				TARGETED_DEVICE_FAMILY = "1,2";
			};
			name = Debug;
		};
		6C281BF92935E6F800FAF5C1 /* Release */ = {
			isa = XCBuildConfiguration;
			buildSettings = {
				ASSETCATALOG_COMPILER_APPICON_NAME = AppIcon;
				ASSETCATALOG_COMPILER_GLOBAL_ACCENT_COLOR_NAME = AccentColor;
				CODE_SIGN_STYLE = Automatic;
				CURRENT_PROJECT_VERSION = 1;
				DEVELOPMENT_ASSET_PATHS = "\"Project11-Bookworm/Preview Content\"";
				DEVELOPMENT_TEAM = SH7598WJ8A;
				ENABLE_PREVIEWS = YES;
				GENERATE_INFOPLIST_FILE = YES;
				INFOPLIST_KEY_UIApplicationSceneManifest_Generation = YES;
				INFOPLIST_KEY_UIApplicationSupportsIndirectInputEvents = YES;
				INFOPLIST_KEY_UILaunchScreen_Generation = YES;
				INFOPLIST_KEY_UISupportedInterfaceOrientations_iPad = "UIInterfaceOrientationPortrait UIInterfaceOrientationPortraitUpsideDown UIInterfaceOrientationLandscapeLeft UIInterfaceOrientationLandscapeRight";
				INFOPLIST_KEY_UISupportedInterfaceOrientations_iPhone = "UIInterfaceOrientationPortrait UIInterfaceOrientationLandscapeLeft UIInterfaceOrientationLandscapeRight";
				LD_RUNPATH_SEARCH_PATHS = (
					"$(inherited)",
					"@executable_path/Frameworks",
				);
				MARKETING_VERSION = 1.0;
				PRODUCT_BUNDLE_IDENTIFIER = "com.bobbert.Project11-Bookworm";
				PRODUCT_NAME = "$(TARGET_NAME)";
				SWIFT_EMIT_LOC_STRINGS = YES;
				SWIFT_VERSION = 5.0;
				TARGETED_DEVICE_FAMILY = "1,2";
			};
			name = Release;
		};
/* End XCBuildConfiguration section */

/* Begin XCConfigurationList section */
		6C281BE42935E6F300FAF5C1 /* Build configuration list for PBXProject "Project11-Bookworm" */ = {
			isa = XCConfigurationList;
			buildConfigurations = (
				6C281BF52935E6F800FAF5C1 /* Debug */,
				6C281BF62935E6F800FAF5C1 /* Release */,
			);
			defaultConfigurationIsVisible = 0;
			defaultConfigurationName = Release;
		};
		6C281BF72935E6F800FAF5C1 /* Build configuration list for PBXNativeTarget "Project11-Bookworm" */ = {
			isa = XCConfigurationList;
			buildConfigurations = (
				6C281BF82935E6F800FAF5C1 /* Debug */,
				6C281BF92935E6F800FAF5C1 /* Release */,
			);
			defaultConfigurationIsVisible = 0;
			defaultConfigurationName = Release;
		};
/* End XCConfigurationList section */

/* Begin XCVersionGroup section */
		6C281BFA2935F1AA00FAF5C1 /* Bookworm.xcdatamodeld */ = {
			isa = XCVersionGroup;
			children = (
				6C281BFB2935F1AA00FAF5C1 /* Bookworm.xcdatamodel */,
			);
			currentVersion = 6C281BFB2935F1AA00FAF5C1 /* Bookworm.xcdatamodel */;
			path = Bookworm.xcdatamodeld;
			sourceTree = "<group>";
			versionGroupType = wrapper.xcdatamodel;
		};
/* End XCVersionGroup section */
	};
	rootObject = 6C281BE12935E6F300FAF5C1 /* Project object */;
}
