// !$*UTF8*$!
{
	archiveVersion = 1;
	classes = {
	};
	objectVersion = 56;
	objects = {

/* Begin PBXBuildFile section */
		6C068BC7293733F200A53060 /* Project12_CoreDataProjectApp.swift in Sources */ = {isa = PBXBuildFile; fileRef = 6C068BC6293733F200A53060 /* Project12_CoreDataProjectApp.swift */; };
		6C068BC9293733F200A53060 /* ContentView.swift in Sources */ = {isa = PBXBuildFile; fileRef = 6C068BC8293733F200A53060 /* ContentView.swift */; };
		6C068BCB293733F700A53060 /* Assets.xcassets in Resources */ = {isa = PBXBuildFile; fileRef = 6C068BCA293733F700A53060 /* Assets.xcassets */; };
		6C068BCE293733F700A53060 /* Preview Assets.xcassets in Resources */ = {isa = PBXBuildFile; fileRef = 6C068BCD293733F700A53060 /* Preview Assets.xcassets */; };
		6C068BD52937342800A53060 /* DataController.swift in Sources */ = {isa = PBXBuildFile; fileRef = 6C068BD42937342800A53060 /* DataController.swift */; };
		6C068BD82937348800A53060 /* CoreDataProject.xcdatamodeld in Sources */ = {isa = PBXBuildFile; fileRef = 6C068BD62937348800A53060 /* CoreDataProject.xcdatamodeld */; };
		6C068BDF293745F200A53060 /* Singer+CoreDataClass.swift in Sources */ = {isa = PBXBuildFile; fileRef = 6C068BDD293745F200A53060 /* Singer+CoreDataClass.swift */; };
		6C068BE0293745F200A53060 /* Singer+CoreDataProperties.swift in Sources */ = {isa = PBXBuildFile; fileRef = 6C068BDE293745F200A53060 /* Singer+CoreDataProperties.swift */; };
		6C068BE22937479300A53060 /* FilteredList.swift in Sources */ = {isa = PBXBuildFile; fileRef = 6C068BE12937479300A53060 /* FilteredList.swift */; };
		6C068BE6293758AB00A53060 /* CandyView.swift in Sources */ = {isa = PBXBuildFile; fileRef = 6C068BE5293758AB00A53060 /* CandyView.swift */; };
		6C068BEB293759F600A53060 /* Country+CoreDataClass.swift in Sources */ = {isa = PBXBuildFile; fileRef = 6C068BE7293759F600A53060 /* Country+CoreDataClass.swift */; };
		6C068BEC293759F600A53060 /* Country+CoreDataProperties.swift in Sources */ = {isa = PBXBuildFile; fileRef = 6C068BE8293759F600A53060 /* Country+CoreDataProperties.swift */; };
		6C068BED293759F600A53060 /* Candy+CoreDataClass.swift in Sources */ = {isa = PBXBuildFile; fileRef = 6C068BE9293759F600A53060 /* Candy+CoreDataClass.swift */; };
		6C068BEE293759F600A53060 /* Candy+CoreDataProperties.swift in Sources */ = {isa = PBXBuildFile; fileRef = 6C068BEA293759F600A53060 /* Candy+CoreDataProperties.swift */; };
		6C068BF0293782D000A53060 /* SingerView.swift in Sources */ = {isa = PBXBuildFile; fileRef = 6C068BEF293782D000A53060 /* SingerView.swift */; };
		6C068BF32937868300A53060 /* ShipsView.swift in Sources */ = {isa = PBXBuildFile; fileRef = 6C068BF22937868300A53060 /* ShipsView.swift */; };
/* End PBXBuildFile section */

/* Begin PBXFileReference section */
		6C068BC3293733F200A53060 /* Project12-CoreDataProject.app */ = {isa = PBXFileReference; explicitFileType = wrapper.application; includeInIndex = 0; path = "Project12-CoreDataProject.app"; sourceTree = BUILT_PRODUCTS_DIR; };
		6C068BC6293733F200A53060 /* Project12_CoreDataProjectApp.swift */ = {isa = PBXFileReference; lastKnownFileType = sourcecode.swift; path = Project12_CoreDataProjectApp.swift; sourceTree = "<group>"; };
		6C068BC8293733F200A53060 /* ContentView.swift */ = {isa = PBXFileReference; lastKnownFileType = sourcecode.swift; path = ContentView.swift; sourceTree = "<group>"; };
		6C068BCA293733F700A53060 /* Assets.xcassets */ = {isa = PBXFileReference; lastKnownFileType = folder.assetcatalog; path = Assets.xcassets; sourceTree = "<group>"; };
		6C068BCD293733F700A53060 /* Preview Assets.xcassets */ = {isa = PBXFileReference; lastKnownFileType = folder.assetcatalog; path = "Preview Assets.xcassets"; sourceTree = "<group>"; };
		6C068BD42937342800A53060 /* DataController.swift */ = {isa = PBXFileReference; fileEncoding = 4; lastKnownFileType = sourcecode.swift; path = DataController.swift; sourceTree = "<group>"; };
		6C068BD72937348800A53060 /* CoreDataProject.xcdatamodel */ = {isa = PBXFileReference; lastKnownFileType = wrapper.xcdatamodel; path = CoreDataProject.xcdatamodel; sourceTree = "<group>"; };
		6C068BDD293745F200A53060 /* Singer+CoreDataClass.swift */ = {isa = PBXFileReference; lastKnownFileType = sourcecode.swift; path = "Singer+CoreDataClass.swift"; sourceTree = "<group>"; };
		6C068BDE293745F200A53060 /* Singer+CoreDataProperties.swift */ = {isa = PBXFileReference; lastKnownFileType = sourcecode.swift; path = "Singer+CoreDataProperties.swift"; sourceTree = "<group>"; };
		6C068BE12937479300A53060 /* FilteredList.swift */ = {isa = PBXFileReference; lastKnownFileType = sourcecode.swift; path = FilteredList.swift; sourceTree = "<group>"; };
		6C068BE5293758AB00A53060 /* CandyView.swift */ = {isa = PBXFileReference; lastKnownFileType = sourcecode.swift; path = CandyView.swift; sourceTree = "<group>"; };
		6C068BE7293759F600A53060 /* Country+CoreDataClass.swift */ = {isa = PBXFileReference; lastKnownFileType = sourcecode.swift; path = "Country+CoreDataClass.swift"; sourceTree = "<group>"; };
		6C068BE8293759F600A53060 /* Country+CoreDataProperties.swift */ = {isa = PBXFileReference; lastKnownFileType = sourcecode.swift; path = "Country+CoreDataProperties.swift"; sourceTree = "<group>"; };
		6C068BE9293759F600A53060 /* Candy+CoreDataClass.swift */ = {isa = PBXFileReference; lastKnownFileType = sourcecode.swift; path = "Candy+CoreDataClass.swift"; sourceTree = "<group>"; };
		6C068BEA293759F600A53060 /* Candy+CoreDataProperties.swift */ = {isa = PBXFileReference; lastKnownFileType = sourcecode.swift; path = "Candy+CoreDataProperties.swift"; sourceTree = "<group>"; };
		6C068BEF293782D000A53060 /* SingerView.swift */ = {isa = PBXFileReference; lastKnownFileType = sourcecode.swift; path = SingerView.swift; sourceTree = "<group>"; };
		6C068BF22937868300A53060 /* ShipsView.swift */ = {isa = PBXFileReference; lastKnownFileType = sourcecode.swift; path = ShipsView.swift; sourceTree = "<group>"; };
/* End PBXFileReference section */

/* Begin PBXFrameworksBuildPhase section */
		6C068BC0293733F200A53060 /* Frameworks */ = {
			isa = PBXFrameworksBuildPhase;
			buildActionMask = 2147483647;
			files = (
			);
			runOnlyForDeploymentPostprocessing = 0;
		};
/* End PBXFrameworksBuildPhase section */

/* Begin PBXGroup section */
		6C068BBA293733F200A53060 = {
			isa = PBXGroup;
			children = (
				6C068BC5293733F200A53060 /* Project12-CoreDataProject */,
				6C068BC4293733F200A53060 /* Products */,
			);
			sourceTree = "<group>";
		};
		6C068BC4293733F200A53060 /* Products */ = {
			isa = PBXGroup;
			children = (
				6C068BC3293733F200A53060 /* Project12-CoreDataProject.app */,
			);
			name = Products;
			sourceTree = "<group>";
		};
		6C068BC5293733F200A53060 /* Project12-CoreDataProject */ = {
			isa = PBXGroup;
			children = (
				6C068BF12937842B00A53060 /* CoreDataClasses+Properties */,
				6C068BC6293733F200A53060 /* Project12_CoreDataProjectApp.swift */,
				6C068BE5293758AB00A53060 /* CandyView.swift */,
				6C068BC8293733F200A53060 /* ContentView.swift */,
				6C068BF22937868300A53060 /* ShipsView.swift */,
				6C068BEF293782D000A53060 /* SingerView.swift */,
				6C068BE12937479300A53060 /* FilteredList.swift */,
				6C068BD42937342800A53060 /* DataController.swift */,
				6C068BD62937348800A53060 /* CoreDataProject.xcdatamodeld */,
				6C068BCA293733F700A53060 /* Assets.xcassets */,
				6C068BCC293733F700A53060 /* Preview Content */,
			);
			path = "Project12-CoreDataProject";
			sourceTree = "<group>";
		};
		6C068BCC293733F700A53060 /* Preview Content */ = {
			isa = PBXGroup;
			children = (
				6C068BCD293733F700A53060 /* Preview Assets.xcassets */,
			);
			path = "Preview Content";
			sourceTree = "<group>";
		};
		6C068BF12937842B00A53060 /* CoreDataClasses+Properties */ = {
			isa = PBXGroup;
			children = (
				6C068BE8293759F600A53060 /* Country+CoreDataProperties.swift */,
				6C068BE9293759F600A53060 /* Candy+CoreDataClass.swift */,
				6C068BEA293759F600A53060 /* Candy+CoreDataProperties.swift */,
				6C068BDD293745F200A53060 /* Singer+CoreDataClass.swift */,
				6C068BDE293745F200A53060 /* Singer+CoreDataProperties.swift */,
				6C068BE7293759F600A53060 /* Country+CoreDataClass.swift */,
			);
			path = "CoreDataClasses+Properties";
			sourceTree = "<group>";
		};
/* End PBXGroup section */

/* Begin PBXNativeTarget section */
		6C068BC2293733F200A53060 /* Project12-CoreDataProject */ = {
			isa = PBXNativeTarget;
			buildConfigurationList = 6C068BD1293733F700A53060 /* Build configuration list for PBXNativeTarget "Project12-CoreDataProject" */;
			buildPhases = (
				6C068BBF293733F200A53060 /* Sources */,
				6C068BC0293733F200A53060 /* Frameworks */,
				6C068BC1293733F200A53060 /* Resources */,
			);
			buildRules = (
			);
			dependencies = (
			);
			name = "Project12-CoreDataProject";
			productName = "Project12-CoreDataProject";
			productReference = 6C068BC3293733F200A53060 /* Project12-CoreDataProject.app */;
			productType = "com.apple.product-type.application";
		};
/* End PBXNativeTarget section */

/* Begin PBXProject section */
		6C068BBB293733F200A53060 /* Project object */ = {
			isa = PBXProject;
			attributes = {
				BuildIndependentTargetsInParallel = 1;
				LastSwiftUpdateCheck = 1410;
				LastUpgradeCheck = 1410;
				TargetAttributes = {
					6C068BC2293733F200A53060 = {
						CreatedOnToolsVersion = 14.1;
					};
				};
			};
			buildConfigurationList = 6C068BBE293733F200A53060 /* Build configuration list for PBXProject "Project12-CoreDataProject" */;
			compatibilityVersion = "Xcode 14.0";
			developmentRegion = en;
			hasScannedForEncodings = 0;
			knownRegions = (
				en,
				Base,
			);
			mainGroup = 6C068BBA293733F200A53060;
			productRefGroup = 6C068BC4293733F200A53060 /* Products */;
			projectDirPath = "";
			projectRoot = "";
			targets = (
				6C068BC2293733F200A53060 /* Project12-CoreDataProject */,
			);
		};
/* End PBXProject section */

/* Begin PBXResourcesBuildPhase section */
		6C068BC1293733F200A53060 /* Resources */ = {
			isa = PBXResourcesBuildPhase;
			buildActionMask = 2147483647;
			files = (
				6C068BCE293733F700A53060 /* Preview Assets.xcassets in Resources */,
				6C068BCB293733F700A53060 /* Assets.xcassets in Resources */,
			);
			runOnlyForDeploymentPostprocessing = 0;
		};
/* End PBXResourcesBuildPhase section */

/* Begin PBXSourcesBuildPhase section */
		6C068BBF293733F200A53060 /* Sources */ = {
			isa = PBXSourcesBuildPhase;
			buildActionMask = 2147483647;
			files = (
				6C068BC9293733F200A53060 /* ContentView.swift in Sources */,
				6C068BE0293745F200A53060 /* Singer+CoreDataProperties.swift in Sources */,
				6C068BF0293782D000A53060 /* SingerView.swift in Sources */,
				6C068BD52937342800A53060 /* DataController.swift in Sources */,
				6C068BDF293745F200A53060 /* Singer+CoreDataClass.swift in Sources */,
				6C068BEE293759F600A53060 /* Candy+CoreDataProperties.swift in Sources */,
				6C068BD82937348800A53060 /* CoreDataProject.xcdatamodeld in Sources */,
				6C068BEC293759F600A53060 /* Country+CoreDataProperties.swift in Sources */,
				6C068BC7293733F200A53060 /* Project12_CoreDataProjectApp.swift in Sources */,
				6C068BF32937868300A53060 /* ShipsView.swift in Sources */,
				6C068BE22937479300A53060 /* FilteredList.swift in Sources */,
				6C068BEB293759F600A53060 /* Country+CoreDataClass.swift in Sources */,
				6C068BE6293758AB00A53060 /* CandyView.swift in Sources */,
				6C068BED293759F600A53060 /* Candy+CoreDataClass.swift in Sources */,
			);
			runOnlyForDeploymentPostprocessing = 0;
		};
/* End PBXSourcesBuildPhase section */

/* Begin XCBuildConfiguration section */
		6C068BCF293733F700A53060 /* Debug */ = {
			isa = XCBuildConfiguration;
			buildSettings = {
				ALWAYS_SEARCH_USER_PATHS = NO;
				CLANG_ANALYZER_NONNULL = YES;
				CLANG_ANALYZER_NUMBER_OBJECT_CONVERSION = YES_AGGRESSIVE;
				CLANG_CXX_LANGUAGE_STANDARD = "gnu++20";
				CLANG_ENABLE_MODULES = YES;
				CLANG_ENABLE_OBJC_ARC = YES;
				CLANG_ENABLE_OBJC_WEAK = YES;
				CLANG_WARN_BLOCK_CAPTURE_AUTORELEASING = YES;
				CLANG_WARN_BOOL_CONVERSION = YES;
				CLANG_WARN_COMMA = YES;
				CLANG_WARN_CONSTANT_CONVERSION = YES;
				CLANG_WARN_DEPRECATED_OBJC_IMPLEMENTATIONS = YES;
				CLANG_WARN_DIRECT_OBJC_ISA_USAGE = YES_ERROR;
				CLANG_WARN_DOCUMENTATION_COMMENTS = YES;
				CLANG_WARN_EMPTY_BODY = YES;
				CLANG_WARN_ENUM_CONVERSION = YES;
				CLANG_WARN_INFINITE_RECURSION = YES;
				CLANG_WARN_INT_CONVERSION = YES;
				CLANG_WARN_NON_LITERAL_NULL_CONVERSION = YES;
				CLANG_WARN_OBJC_IMPLICIT_RETAIN_SELF = YES;
				CLANG_WARN_OBJC_LITERAL_CONVERSION = YES;
				CLANG_WARN_OBJC_ROOT_CLASS = YES_ERROR;
				CLANG_WARN_QUOTED_INCLUDE_IN_FRAMEWORK_HEADER = YES;
				CLANG_WARN_RANGE_LOOP_ANALYSIS = YES;
				CLANG_WARN_STRICT_PROTOTYPES = YES;
				CLANG_WARN_SUSPICIOUS_MOVE = YES;
				CLANG_WARN_UNGUARDED_AVAILABILITY = YES_AGGRESSIVE;
				CLANG_WARN_UNREACHABLE_CODE = YES;
				CLANG_WARN__DUPLICATE_METHOD_MATCH = YES;
				COPY_PHASE_STRIP = NO;
				DEBUG_INFORMATION_FORMAT = dwarf;
				ENABLE_STRICT_OBJC_MSGSEND = YES;
				ENABLE_TESTABILITY = YES;
				GCC_C_LANGUAGE_STANDARD = gnu11;
				GCC_DYNAMIC_NO_PIC = NO;
				GCC_NO_COMMON_BLOCKS = YES;
				GCC_OPTIMIZATION_LEVEL = 0;
				GCC_PREPROCESSOR_DEFINITIONS = (
					"DEBUG=1",
					"$(inherited)",
				);
				GCC_WARN_64_TO_32_BIT_CONVERSION = YES;
				GCC_WARN_ABOUT_RETURN_TYPE = YES_ERROR;
				GCC_WARN_UNDECLARED_SELECTOR = YES;
				GCC_WARN_UNINITIALIZED_AUTOS = YES_AGGRESSIVE;
				GCC_WARN_UNUSED_FUNCTION = YES;
				GCC_WARN_UNUSED_VARIABLE = YES;
				IPHONEOS_DEPLOYMENT_TARGET = 16.1;
				MTL_ENABLE_DEBUG_INFO = INCLUDE_SOURCE;
				MTL_FAST_MATH = YES;
				ONLY_ACTIVE_ARCH = YES;
				SDKROOT = iphoneos;
				SWIFT_ACTIVE_COMPILATION_CONDITIONS = DEBUG;
				SWIFT_OPTIMIZATION_LEVEL = "-Onone";
			};
			name = Debug;
		};
		6C068BD0293733F700A53060 /* Release */ = {
			isa = XCBuildConfiguration;
			buildSettings = {
				ALWAYS_SEARCH_USER_PATHS = NO;
				CLANG_ANALYZER_NONNULL = YES;
				CLANG_ANALYZER_NUMBER_OBJECT_CONVERSION = YES_AGGRESSIVE;
				CLANG_CXX_LANGUAGE_STANDARD = "gnu++20";
				CLANG_ENABLE_MODULES = YES;
				CLANG_ENABLE_OBJC_ARC = YES;
				CLANG_ENABLE_OBJC_WEAK = YES;
				CLANG_WARN_BLOCK_CAPTURE_AUTORELEASING = YES;
				CLANG_WARN_BOOL_CONVERSION = YES;
				CLANG_WARN_COMMA = YES;
				CLANG_WARN_CONSTANT_CONVERSION = YES;
				CLANG_WARN_DEPRECATED_OBJC_IMPLEMENTATIONS = YES;
				CLANG_WARN_DIRECT_OBJC_ISA_USAGE = YES_ERROR;
				CLANG_WARN_DOCUMENTATION_COMMENTS = YES;
				CLANG_WARN_EMPTY_BODY = YES;
				CLANG_WARN_ENUM_CONVERSION = YES;
				CLANG_WARN_INFINITE_RECURSION = YES;
				CLANG_WARN_INT_CONVERSION = YES;
				CLANG_WARN_NON_LITERAL_NULL_CONVERSION = YES;
				CLANG_WARN_OBJC_IMPLICIT_RETAIN_SELF = YES;
				CLANG_WARN_OBJC_LITERAL_CONVERSION = YES;
				CLANG_WARN_OBJC_ROOT_CLASS = YES_ERROR;
				CLANG_WARN_QUOTED_INCLUDE_IN_FRAMEWORK_HEADER = YES;
				CLANG_WARN_RANGE_LOOP_ANALYSIS = YES;
				CLANG_WARN_STRICT_PROTOTYPES = YES;
				CLANG_WARN_SUSPICIOUS_MOVE = YES;
				CLANG_WARN_UNGUARDED_AVAILABILITY = YES_AGGRESSIVE;
				CLANG_WARN_UNREACHABLE_CODE = YES;
				CLANG_WARN__DUPLICATE_METHOD_MATCH = YES;
				COPY_PHASE_STRIP = NO;
				DEBUG_INFORMATION_FORMAT = "dwarf-with-dsym";
				ENABLE_NS_ASSERTIONS = NO;
				ENABLE_STRICT_OBJC_MSGSEND = YES;
				GCC_C_LANGUAGE_STANDARD = gnu11;
				GCC_NO_COMMON_BLOCKS = YES;
				GCC_WARN_64_TO_32_BIT_CONVERSION = YES;
				GCC_WARN_ABOUT_RETURN_TYPE = YES_ERROR;
				GCC_WARN_UNDECLARED_SELECTOR = YES;
				GCC_WARN_UNINITIALIZED_AUTOS = YES_AGGRESSIVE;
				GCC_WARN_UNUSED_FUNCTION = YES;
				GCC_WARN_UNUSED_VARIABLE = YES;
				IPHONEOS_DEPLOYMENT_TARGET = 16.1;
				MTL_ENABLE_DEBUG_INFO = NO;
				MTL_FAST_MATH = YES;
				SDKROOT = iphoneos;
				SWIFT_COMPILATION_MODE = wholemodule;
				SWIFT_OPTIMIZATION_LEVEL = "-O";
				VALIDATE_PRODUCT = YES;
			};
			name = Release;
		};
		6C068BD2293733F700A53060 /* Debug */ = {
			isa = XCBuildConfiguration;
			buildSettings = {
				ASSETCATALOG_COMPILER_APPICON_NAME = AppIcon;
				ASSETCATALOG_COMPILER_GLOBAL_ACCENT_COLOR_NAME = AccentColor;
				CODE_SIGN_STYLE = Automatic;
				CURRENT_PROJECT_VERSION = 1;
				DEVELOPMENT_ASSET_PATHS = "\"Project12-CoreDataProject/Preview Content\"";
				DEVELOPMENT_TEAM = SH7598WJ8A;
				ENABLE_PREVIEWS = YES;
				GENERATE_INFOPLIST_FILE = YES;
				INFOPLIST_KEY_UIApplicationSceneManifest_Generation = YES;
				INFOPLIST_KEY_UIApplicationSupportsIndirectInputEvents = YES;
				INFOPLIST_KEY_UILaunchScreen_Generation = YES;
				INFOPLIST_KEY_UISupportedInterfaceOrientations_iPad = "UIInterfaceOrientationPortrait UIInterfaceOrientationPortraitUpsideDown UIInterfaceOrientationLandscapeLeft UIInterfaceOrientationLandscapeRight";
				INFOPLIST_KEY_UISupportedInterfaceOrientations_iPhone = "UIInterfaceOrientationPortrait UIInterfaceOrientationLandscapeLeft UIInterfaceOrientationLandscapeRight";
				IPHONEOS_DEPLOYMENT_TARGET = 16.1;
				LD_RUNPATH_SEARCH_PATHS = (
					"$(inherited)",
					"@executable_path/Frameworks",
				);
				MARKETING_VERSION = 1.0;
				PRODUCT_BUNDLE_IDENTIFIER = "com.bobbert.Project12-CoreDataProject";
				PRODUCT_NAME = "$(TARGET_NAME)";
				SWIFT_EMIT_LOC_STRINGS = YES;
				SWIFT_VERSION = 5.0;
				TARGETED_DEVICE_FAMILY = "1,2";
			};
			name = Debug;
		};
		6C068BD3293733F700A53060 /* Release */ = {
			isa = XCBuildConfiguration;
			buildSettings = {
				ASSETCATALOG_COMPILER_APPICON_NAME = AppIcon;
				ASSETCATALOG_COMPILER_GLOBAL_ACCENT_COLOR_NAME = AccentColor;
				CODE_SIGN_STYLE = Automatic;
				CURRENT_PROJECT_VERSION = 1;
				DEVELOPMENT_ASSET_PATHS = "\"Project12-CoreDataProject/Preview Content\"";
				DEVELOPMENT_TEAM = SH7598WJ8A;
				ENABLE_PREVIEWS = YES;
				GENERATE_INFOPLIST_FILE = YES;
				INFOPLIST_KEY_UIApplicationSceneManifest_Generation = YES;
				INFOPLIST_KEY_UIApplicationSupportsIndirectInputEvents = YES;
				INFOPLIST_KEY_UILaunchScreen_Generation = YES;
				INFOPLIST_KEY_UISupportedInterfaceOrientations_iPad = "UIInterfaceOrientationPortrait UIInterfaceOrientationPortraitUpsideDown UIInterfaceOrientationLandscapeLeft UIInterfaceOrientationLandscapeRight";
				INFOPLIST_KEY_UISupportedInterfaceOrientations_iPhone = "UIInterfaceOrientationPortrait UIInterfaceOrientationLandscapeLeft UIInterfaceOrientationLandscapeRight";
				IPHONEOS_DEPLOYMENT_TARGET = 16.1;
				LD_RUNPATH_SEARCH_PATHS = (
					"$(inherited)",
					"@executable_path/Frameworks",
				);
				MARKETING_VERSION = 1.0;
				PRODUCT_BUNDLE_IDENTIFIER = "com.bobbert.Project12-CoreDataProject";
				PRODUCT_NAME = "$(TARGET_NAME)";
				SWIFT_EMIT_LOC_STRINGS = YES;
				SWIFT_VERSION = 5.0;
				TARGETED_DEVICE_FAMILY = "1,2";
			};
			name = Release;
		};
/* End XCBuildConfiguration section */

/* Begin XCConfigurationList section */
		6C068BBE293733F200A53060 /* Build configuration list for PBXProject "Project12-CoreDataProject" */ = {
			isa = XCConfigurationList;
			buildConfigurations = (
				6C068BCF293733F700A53060 /* Debug */,
				6C068BD0293733F700A53060 /* Release */,
			);
			defaultConfigurationIsVisible = 0;
			defaultConfigurationName = Release;
		};
		6C068BD1293733F700A53060 /* Build configuration list for PBXNativeTarget "Project12-CoreDataProject" */ = {
			isa = XCConfigurationList;
			buildConfigurations = (
				6C068BD2293733F700A53060 /* Debug */,
				6C068BD3293733F700A53060 /* Release */,
			);
			defaultConfigurationIsVisible = 0;
			defaultConfigurationName = Release;
		};
/* End XCConfigurationList section */

/* Begin XCVersionGroup section */
		6C068BD62937348800A53060 /* CoreDataProject.xcdatamodeld */ = {
			isa = XCVersionGroup;
			children = (
				6C068BD72937348800A53060 /* CoreDataProject.xcdatamodel */,
			);
			currentVersion = 6C068BD72937348800A53060 /* CoreDataProject.xcdatamodel */;
			path = CoreDataProject.xcdatamodeld;
			sourceTree = "<group>";
			versionGroupType = wrapper.xcdatamodel;
		};
/* End XCVersionGroup section */
	};
	rootObject = 6C068BBB293733F200A53060 /* Project object */;
}
