// !$*UTF8*$!
{
	archiveVersion = 1;
	classes = {
	};
	objectVersion = 56;
	objects = {

/* Begin PBXBuildFile section */
		6CEE51422951C0C4004208D3 /* Project19_SnowSeekerApp.swift in Sources */ = {isa = PBXBuildFile; fileRef = 6CEE51412951C0C4004208D3 /* Project19_SnowSeekerApp.swift */; };
		6CEE51442951C0C4004208D3 /* ContentView.swift in Sources */ = {isa = PBXBuildFile; fileRef = 6CEE51432951C0C4004208D3 /* ContentView.swift */; };
		6CEE51462951C0C6004208D3 /* Assets.xcassets in Resources */ = {isa = PBXBuildFile; fileRef = 6CEE51452951C0C6004208D3 /* Assets.xcassets */; };
		6CEE51492951C0C6004208D3 /* Preview Assets.xcassets in Resources */ = {isa = PBXBuildFile; fileRef = 6CEE51482951C0C6004208D3 /* Preview Assets.xcassets */; };
		6CEE51502951F173004208D3 /* resorts.json in Resources */ = {isa = PBXBuildFile; fileRef = 6CEE514F2951F173004208D3 /* resorts.json */; };
		6CEE51522951F26A004208D3 /* Resort.swift in Sources */ = {isa = PBXBuildFile; fileRef = 6CEE51512951F26A004208D3 /* Resort.swift */; };
		6CEE51542951F396004208D3 /* Bundle-Decodable.swift in Sources */ = {isa = PBXBuildFile; fileRef = 6CEE51532951F396004208D3 /* Bundle-Decodable.swift */; };
		6CEE51562952EDAE004208D3 /* WelcomeView.swift in Sources */ = {isa = PBXBuildFile; fileRef = 6CEE51552952EDAE004208D3 /* WelcomeView.swift */; };
		6CEE51582952F269004208D3 /* ResortView.swift in Sources */ = {isa = PBXBuildFile; fileRef = 6CEE51572952F268004208D3 /* ResortView.swift */; };
		6CEE515A2952F486004208D3 /* SkiDetailsView.swift in Sources */ = {isa = PBXBuildFile; fileRef = 6CEE51592952F486004208D3 /* SkiDetailsView.swift */; };
		6CEE515C2952F591004208D3 /* ResortDetailsView.swift in Sources */ = {isa = PBXBuildFile; fileRef = 6CEE515B2952F591004208D3 /* ResortDetailsView.swift */; };
		6CEE515E29530E4B004208D3 /* Facility.swift in Sources */ = {isa = PBXBuildFile; fileRef = 6CEE515D29530E4B004208D3 /* Facility.swift */; };
		6CEE516029531D31004208D3 /* Favorites.swift in Sources */ = {isa = PBXBuildFile; fileRef = 6CEE515F29531D31004208D3 /* Favorites.swift */; };
/* End PBXBuildFile section */

/* Begin PBXFileReference section */
		6CEE513E2951C0C4004208D3 /* Project19-SnowSeeker.app */ = {isa = PBXFileReference; explicitFileType = wrapper.application; includeInIndex = 0; path = "Project19-SnowSeeker.app"; sourceTree = BUILT_PRODUCTS_DIR; };
		6CEE51412951C0C4004208D3 /* Project19_SnowSeekerApp.swift */ = {isa = PBXFileReference; lastKnownFileType = sourcecode.swift; path = Project19_SnowSeekerApp.swift; sourceTree = "<group>"; };
		6CEE51432951C0C4004208D3 /* ContentView.swift */ = {isa = PBXFileReference; lastKnownFileType = sourcecode.swift; path = ContentView.swift; sourceTree = "<group>"; };
		6CEE51452951C0C6004208D3 /* Assets.xcassets */ = {isa = PBXFileReference; lastKnownFileType = folder.assetcatalog; path = Assets.xcassets; sourceTree = "<group>"; };
		6CEE51482951C0C6004208D3 /* Preview Assets.xcassets */ = {isa = PBXFileReference; lastKnownFileType = folder.assetcatalog; path = "Preview Assets.xcassets"; sourceTree = "<group>"; };
		6CEE514F2951F173004208D3 /* resorts.json */ = {isa = PBXFileReference; fileEncoding = 4; lastKnownFileType = text.json; path = resorts.json; sourceTree = "<group>"; };
		6CEE51512951F26A004208D3 /* Resort.swift */ = {isa = PBXFileReference; lastKnownFileType = sourcecode.swift; path = Resort.swift; sourceTree = "<group>"; };
		6CEE51532951F396004208D3 /* Bundle-Decodable.swift */ = {isa = PBXFileReference; lastKnownFileType = sourcecode.swift; path = "Bundle-Decodable.swift"; sourceTree = "<group>"; };
		6CEE51552952EDAE004208D3 /* WelcomeView.swift */ = {isa = PBXFileReference; lastKnownFileType = sourcecode.swift; path = WelcomeView.swift; sourceTree = "<group>"; };
		6CEE51572952F268004208D3 /* ResortView.swift */ = {isa = PBXFileReference; lastKnownFileType = sourcecode.swift; path = ResortView.swift; sourceTree = "<group>"; };
		6CEE51592952F486004208D3 /* SkiDetailsView.swift */ = {isa = PBXFileReference; lastKnownFileType = sourcecode.swift; path = SkiDetailsView.swift; sourceTree = "<group>"; };
		6CEE515B2952F591004208D3 /* ResortDetailsView.swift */ = {isa = PBXFileReference; lastKnownFileType = sourcecode.swift; path = ResortDetailsView.swift; sourceTree = "<group>"; };
		6CEE515D29530E4B004208D3 /* Facility.swift */ = {isa = PBXFileReference; lastKnownFileType = sourcecode.swift; path = Facility.swift; sourceTree = "<group>"; };
		6CEE515F29531D31004208D3 /* Favorites.swift */ = {isa = PBXFileReference; lastKnownFileType = sourcecode.swift; path = Favorites.swift; sourceTree = "<group>"; };
/* End PBXFileReference section */

/* Begin PBXFrameworksBuildPhase section */
		6CEE513B2951C0C4004208D3 /* Frameworks */ = {
			isa = PBXFrameworksBuildPhase;
			buildActionMask = 2147483647;
			files = (
			);
			runOnlyForDeploymentPostprocessing = 0;
		};
/* End PBXFrameworksBuildPhase section */

/* Begin PBXGroup section */
		6CEE51352951C0C4004208D3 = {
			isa = PBXGroup;
			children = (
				6CEE51402951C0C4004208D3 /* Project19-SnowSeeker */,
				6CEE513F2951C0C4004208D3 /* Products */,
			);
			sourceTree = "<group>";
		};
		6CEE513F2951C0C4004208D3 /* Products */ = {
			isa = PBXGroup;
			children = (
				6CEE513E2951C0C4004208D3 /* Project19-SnowSeeker.app */,
			);
			name = Products;
			sourceTree = "<group>";
		};
		6CEE51402951C0C4004208D3 /* Project19-SnowSeeker */ = {
			isa = PBXGroup;
			children = (
				6CEE51412951C0C4004208D3 /* Project19_SnowSeekerApp.swift */,
				6CEE51432951C0C4004208D3 /* ContentView.swift */,
				6CEE51592952F486004208D3 /* SkiDetailsView.swift */,
				6CEE515B2952F591004208D3 /* ResortDetailsView.swift */,
				6CEE51572952F268004208D3 /* ResortView.swift */,
				6CEE515F29531D31004208D3 /* Favorites.swift */,
				6CEE515D29530E4B004208D3 /* Facility.swift */,
				6CEE51552952EDAE004208D3 /* WelcomeView.swift */,
				6CEE51512951F26A004208D3 /* Resort.swift */,
				6CEE51532951F396004208D3 /* Bundle-Decodable.swift */,
				6CEE514F2951F173004208D3 /* resorts.json */,
				6CEE51452951C0C6004208D3 /* Assets.xcassets */,
				6CEE51472951C0C6004208D3 /* Preview Content */,
			);
			path = "Project19-SnowSeeker";
			sourceTree = "<group>";
		};
		6CEE51472951C0C6004208D3 /* Preview Content */ = {
			isa = PBXGroup;
			children = (
				6CEE51482951C0C6004208D3 /* Preview Assets.xcassets */,
			);
			path = "Preview Content";
			sourceTree = "<group>";
		};
/* End PBXGroup section */

/* Begin PBXNativeTarget section */
		6CEE513D2951C0C4004208D3 /* Project19-SnowSeeker */ = {
			isa = PBXNativeTarget;
			buildConfigurationList = 6CEE514C2951C0C6004208D3 /* Build configuration list for PBXNativeTarget "Project19-SnowSeeker" */;
			buildPhases = (
				6CEE513A2951C0C4004208D3 /* Sources */,
				6CEE513B2951C0C4004208D3 /* Frameworks */,
				6CEE513C2951C0C4004208D3 /* Resources */,
			);
			buildRules = (
			);
			dependencies = (
			);
			name = "Project19-SnowSeeker";
			productName = "Project19-SnowSeeker";
			productReference = 6CEE513E2951C0C4004208D3 /* Project19-SnowSeeker.app */;
			productType = "com.apple.product-type.application";
		};
/* End PBXNativeTarget section */

/* Begin PBXProject section */
		6CEE51362951C0C4004208D3 /* Project object */ = {
			isa = PBXProject;
			attributes = {
				BuildIndependentTargetsInParallel = 1;
				LastSwiftUpdateCheck = 1420;
				LastUpgradeCheck = 1420;
				TargetAttributes = {
					6CEE513D2951C0C4004208D3 = {
						CreatedOnToolsVersion = 14.2;
					};
				};
			};
			buildConfigurationList = 6CEE51392951C0C4004208D3 /* Build configuration list for PBXProject "Project19-SnowSeeker" */;
			compatibilityVersion = "Xcode 14.0";
			developmentRegion = en;
			hasScannedForEncodings = 0;
			knownRegions = (
				en,
				Base,
			);
			mainGroup = 6CEE51352951C0C4004208D3;
			productRefGroup = 6CEE513F2951C0C4004208D3 /* Products */;
			projectDirPath = "";
			projectRoot = "";
			targets = (
				6CEE513D2951C0C4004208D3 /* Project19-SnowSeeker */,
			);
		};
/* End PBXProject section */

/* Begin PBXResourcesBuildPhase section */
		6CEE513C2951C0C4004208D3 /* Resources */ = {
			isa = PBXResourcesBuildPhase;
			buildActionMask = 2147483647;
			files = (
				6CEE51502951F173004208D3 /* resorts.json in Resources */,
				6CEE51492951C0C6004208D3 /* Preview Assets.xcassets in Resources */,
				6CEE51462951C0C6004208D3 /* Assets.xcassets in Resources */,
			);
			runOnlyForDeploymentPostprocessing = 0;
		};
/* End PBXResourcesBuildPhase section */

/* Begin PBXSourcesBuildPhase section */
		6CEE513A2951C0C4004208D3 /* Sources */ = {
			isa = PBXSourcesBuildPhase;
			buildActionMask = 2147483647;
			files = (
				6CEE51562952EDAE004208D3 /* WelcomeView.swift in Sources */,
				6CEE515A2952F486004208D3 /* SkiDetailsView.swift in Sources */,
				6CEE515C2952F591004208D3 /* ResortDetailsView.swift in Sources */,
				6CEE516029531D31004208D3 /* Favorites.swift in Sources */,
				6CEE515E29530E4B004208D3 /* Facility.swift in Sources */,
				6CEE51442951C0C4004208D3 /* ContentView.swift in Sources */,
				6CEE51522951F26A004208D3 /* Resort.swift in Sources */,
				6CEE51582952F269004208D3 /* ResortView.swift in Sources */,
				6CEE51422951C0C4004208D3 /* Project19_SnowSeekerApp.swift in Sources */,
				6CEE51542951F396004208D3 /* Bundle-Decodable.swift in Sources */,
			);
			runOnlyForDeploymentPostprocessing = 0;
		};
/* End PBXSourcesBuildPhase section */

/* Begin XCBuildConfiguration section */
		6CEE514A2951C0C6004208D3 /* Debug */ = {
			isa = XCBuildConfiguration;
			buildSettings = {
				ALWAYS_SEARCH_USER_PATHS = NO;
				CLANG_ANALYZER_NONNULL = YES;
				CLANG_ANALYZER_NUMBER_OBJECT_CONVERSION = YES_AGGRESSIVE;
				CLANG_CXX_LANGUAGE_STANDARD = "gnu++20";
				CLANG_ENABLE_MODULES = YES;
				CLANG_ENABLE_OBJC_ARC = YES;
				CLANG_ENABLE_OBJC_WEAK = YES;
				CLANG_WARN_BLOCK_CAPTURE_AUTORELEASING = YES;
				CLANG_WARN_BOOL_CONVERSION = YES;
				CLANG_WARN_COMMA = YES;
				CLANG_WARN_CONSTANT_CONVERSION = YES;
				CLANG_WARN_DEPRECATED_OBJC_IMPLEMENTATIONS = YES;
				CLANG_WARN_DIRECT_OBJC_ISA_USAGE = YES_ERROR;
				CLANG_WARN_DOCUMENTATION_COMMENTS = YES;
				CLANG_WARN_EMPTY_BODY = YES;
				CLANG_WARN_ENUM_CONVERSION = YES;
				CLANG_WARN_INFINITE_RECURSION = YES;
				CLANG_WARN_INT_CONVERSION = YES;
				CLANG_WARN_NON_LITERAL_NULL_CONVERSION = YES;
				CLANG_WARN_OBJC_IMPLICIT_RETAIN_SELF = YES;
				CLANG_WARN_OBJC_LITERAL_CONVERSION = YES;
				CLANG_WARN_OBJC_ROOT_CLASS = YES_ERROR;
				CLANG_WARN_QUOTED_INCLUDE_IN_FRAMEWORK_HEADER = YES;
				CLANG_WARN_RANGE_LOOP_ANALYSIS = YES;
				CLANG_WARN_STRICT_PROTOTYPES = YES;
				CLANG_WARN_SUSPICIOUS_MOVE = YES;
				CLANG_WARN_UNGUARDED_AVAILABILITY = YES_AGGRESSIVE;
				CLANG_WARN_UNREACHABLE_CODE = YES;
				CLANG_WARN__DUPLICATE_METHOD_MATCH = YES;
				COPY_PHASE_STRIP = NO;
				DEBUG_INFORMATION_FORMAT = dwarf;
				ENABLE_STRICT_OBJC_MSGSEND = YES;
				ENABLE_TESTABILITY = YES;
				GCC_C_LANGUAGE_STANDARD = gnu11;
				GCC_DYNAMIC_NO_PIC = NO;
				GCC_NO_COMMON_BLOCKS = YES;
				GCC_OPTIMIZATION_LEVEL = 0;
				GCC_PREPROCESSOR_DEFINITIONS = (
					"DEBUG=1",
					"$(inherited)",
				);
				GCC_WARN_64_TO_32_BIT_CONVERSION = YES;
				GCC_WARN_ABOUT_RETURN_TYPE = YES_ERROR;
				GCC_WARN_UNDECLARED_SELECTOR = YES;
				GCC_WARN_UNINITIALIZED_AUTOS = YES_AGGRESSIVE;
				GCC_WARN_UNUSED_FUNCTION = YES;
				GCC_WARN_UNUSED_VARIABLE = YES;
				IPHONEOS_DEPLOYMENT_TARGET = 16.2;
				MTL_ENABLE_DEBUG_INFO = INCLUDE_SOURCE;
				MTL_FAST_MATH = YES;
				ONLY_ACTIVE_ARCH = YES;
				SDKROOT = iphoneos;
				SWIFT_ACTIVE_COMPILATION_CONDITIONS = DEBUG;
				SWIFT_OPTIMIZATION_LEVEL = "-Onone";
			};
			name = Debug;
		};
		6CEE514B2951C0C6004208D3 /* Release */ = {
			isa = XCBuildConfiguration;
			buildSettings = {
				ALWAYS_SEARCH_USER_PATHS = NO;
				CLANG_ANALYZER_NONNULL = YES;
				CLANG_ANALYZER_NUMBER_OBJECT_CONVERSION = YES_AGGRESSIVE;
				CLANG_CXX_LANGUAGE_STANDARD = "gnu++20";
				CLANG_ENABLE_MODULES = YES;
				CLANG_ENABLE_OBJC_ARC = YES;
				CLANG_ENABLE_OBJC_WEAK = YES;
				CLANG_WARN_BLOCK_CAPTURE_AUTORELEASING = YES;
				CLANG_WARN_BOOL_CONVERSION = YES;
				CLANG_WARN_COMMA = YES;
				CLANG_WARN_CONSTANT_CONVERSION = YES;
				CLANG_WARN_DEPRECATED_OBJC_IMPLEMENTATIONS = YES;
				CLANG_WARN_DIRECT_OBJC_ISA_USAGE = YES_ERROR;
				CLANG_WARN_DOCUMENTATION_COMMENTS = YES;
				CLANG_WARN_EMPTY_BODY = YES;
				CLANG_WARN_ENUM_CONVERSION = YES;
				CLANG_WARN_INFINITE_RECURSION = YES;
				CLANG_WARN_INT_CONVERSION = YES;
				CLANG_WARN_NON_LITERAL_NULL_CONVERSION = YES;
				CLANG_WARN_OBJC_IMPLICIT_RETAIN_SELF = YES;
				CLANG_WARN_OBJC_LITERAL_CONVERSION = YES;
				CLANG_WARN_OBJC_ROOT_CLASS = YES_ERROR;
				CLANG_WARN_QUOTED_INCLUDE_IN_FRAMEWORK_HEADER = YES;
				CLANG_WARN_RANGE_LOOP_ANALYSIS = YES;
				CLANG_WARN_STRICT_PROTOTYPES = YES;
				CLANG_WARN_SUSPICIOUS_MOVE = YES;
				CLANG_WARN_UNGUARDED_AVAILABILITY = YES_AGGRESSIVE;
				CLANG_WARN_UNREACHABLE_CODE = YES;
				CLANG_WARN__DUPLICATE_METHOD_MATCH = YES;
				COPY_PHASE_STRIP = NO;
				DEBUG_INFORMATION_FORMAT = "dwarf-with-dsym";
				ENABLE_NS_ASSERTIONS = NO;
				ENABLE_STRICT_OBJC_MSGSEND = YES;
				GCC_C_LANGUAGE_STANDARD = gnu11;
				GCC_NO_COMMON_BLOCKS = YES;
				GCC_WARN_64_TO_32_BIT_CONVERSION = YES;
				GCC_WARN_ABOUT_RETURN_TYPE = YES_ERROR;
				GCC_WARN_UNDECLARED_SELECTOR = YES;
				GCC_WARN_UNINITIALIZED_AUTOS = YES_AGGRESSIVE;
				GCC_WARN_UNUSED_FUNCTION = YES;
				GCC_WARN_UNUSED_VARIABLE = YES;
				IPHONEOS_DEPLOYMENT_TARGET = 16.2;
				MTL_ENABLE_DEBUG_INFO = NO;
				MTL_FAST_MATH = YES;
				SDKROOT = iphoneos;
				SWIFT_COMPILATION_MODE = wholemodule;
				SWIFT_OPTIMIZATION_LEVEL = "-O";
				VALIDATE_PRODUCT = YES;
			};
			name = Release;
		};
		6CEE514D2951C0C6004208D3 /* Debug */ = {
			isa = XCBuildConfiguration;
			buildSettings = {
				ASSETCATALOG_COMPILER_APPICON_NAME = AppIcon;
				ASSETCATALOG_COMPILER_GLOBAL_ACCENT_COLOR_NAME = AccentColor;
				CODE_SIGN_STYLE = Automatic;
				CURRENT_PROJECT_VERSION = 1;
				DEVELOPMENT_ASSET_PATHS = "\"Project19-SnowSeeker/Preview Content\"";
				DEVELOPMENT_TEAM = SH7598WJ8A;
				ENABLE_PREVIEWS = YES;
				GENERATE_INFOPLIST_FILE = YES;
				INFOPLIST_KEY_UIApplicationSceneManifest_Generation = YES;
				INFOPLIST_KEY_UIApplicationSupportsIndirectInputEvents = YES;
				INFOPLIST_KEY_UILaunchScreen_Generation = YES;
				INFOPLIST_KEY_UISupportedInterfaceOrientations_iPad = "UIInterfaceOrientationPortrait UIInterfaceOrientationPortraitUpsideDown UIInterfaceOrientationLandscapeLeft UIInterfaceOrientationLandscapeRight";
				INFOPLIST_KEY_UISupportedInterfaceOrientations_iPhone = "UIInterfaceOrientationPortrait UIInterfaceOrientationLandscapeLeft UIInterfaceOrientationLandscapeRight";
				LD_RUNPATH_SEARCH_PATHS = (
					"$(inherited)",
					"@executable_path/Frameworks",
				);
				MARKETING_VERSION = 1.0;
				PRODUCT_BUNDLE_IDENTIFIER = "com.bobbert.Project19-SnowSeeker";
				PRODUCT_NAME = "$(TARGET_NAME)";
				SWIFT_EMIT_LOC_STRINGS = YES;
				SWIFT_VERSION = 5.0;
				TARGETED_DEVICE_FAMILY = "1,2";
			};
			name = Debug;
		};
		6CEE514E2951C0C6004208D3 /* Release */ = {
			isa = XCBuildConfiguration;
			buildSettings = {
				ASSETCATALOG_COMPILER_APPICON_NAME = AppIcon;
				ASSETCATALOG_COMPILER_GLOBAL_ACCENT_COLOR_NAME = AccentColor;
				CODE_SIGN_STYLE = Automatic;
				CURRENT_PROJECT_VERSION = 1;
				DEVELOPMENT_ASSET_PATHS = "\"Project19-SnowSeeker/Preview Content\"";
				DEVELOPMENT_TEAM = SH7598WJ8A;
				ENABLE_PREVIEWS = YES;
				GENERATE_INFOPLIST_FILE = YES;
				INFOPLIST_KEY_UIApplicationSceneManifest_Generation = YES;
				INFOPLIST_KEY_UIApplicationSupportsIndirectInputEvents = YES;
				INFOPLIST_KEY_UILaunchScreen_Generation = YES;
				INFOPLIST_KEY_UISupportedInterfaceOrientations_iPad = "UIInterfaceOrientationPortrait UIInterfaceOrientationPortraitUpsideDown UIInterfaceOrientationLandscapeLeft UIInterfaceOrientationLandscapeRight";
				INFOPLIST_KEY_UISupportedInterfaceOrientations_iPhone = "UIInterfaceOrientationPortrait UIInterfaceOrientationLandscapeLeft UIInterfaceOrientationLandscapeRight";
				LD_RUNPATH_SEARCH_PATHS = (
					"$(inherited)",
					"@executable_path/Frameworks",
				);
				MARKETING_VERSION = 1.0;
				PRODUCT_BUNDLE_IDENTIFIER = "com.bobbert.Project19-SnowSeeker";
				PRODUCT_NAME = "$(TARGET_NAME)";
				SWIFT_EMIT_LOC_STRINGS = YES;
				SWIFT_VERSION = 5.0;
				TARGETED_DEVICE_FAMILY = "1,2";
			};
			name = Release;
		};
/* End XCBuildConfiguration section */

/* Begin XCConfigurationList section */
		6CEE51392951C0C4004208D3 /* Build configuration list for PBXProject "Project19-SnowSeeker" */ = {
			isa = XCConfigurationList;
			buildConfigurations = (
				6CEE514A2951C0C6004208D3 /* Debug */,
				6CEE514B2951C0C6004208D3 /* Release */,
			);
			defaultConfigurationIsVisible = 0;
			defaultConfigurationName = Release;
		};
		6CEE514C2951C0C6004208D3 /* Build configuration list for PBXNativeTarget "Project19-SnowSeeker" */ = {
			isa = XCConfigurationList;
			buildConfigurations = (
				6CEE514D2951C0C6004208D3 /* Debug */,
				6CEE514E2951C0C6004208D3 /* Release */,
			);
			defaultConfigurationIsVisible = 0;
			defaultConfigurationName = Release;
		};
/* End XCConfigurationList section */
	};
	rootObject = 6CEE51362951C0C4004208D3 /* Project object */;
}
